
Microsoft Visual Studio Solution File, Format Version 12.00
# Visual Studio 2013
VisualStudioVersion = 12.0.30110.0
MinimumVisualStudioVersion = 10.0.40219.1
Project("{FAE04EC0-301F-11D3-BF4B-00C04F79EFBC}") = "AccidentalFish.AspNet.Identity.Azure", "AccidentalFish.AspNet.Identity.Azure\AccidentalFish.AspNet.Identity.Azure.csproj", "{AD659E28-6C2F-49B6-B00D-A3E2F08ABB0C}"
EndProject
Project("{2150E333-8FDC-42A3-9474-1A3956D46DE8}") = ".nuget", ".nuget", "{D454B8F4-AECB-4227-943A-320824FF015A}"
	ProjectSection(SolutionItems) = preProject
		.nuget\NuGet.Config = .nuget\NuGet.Config
		.nuget\NuGet.exe = .nuget\NuGet.exe
		.nuget\NuGet.targets = .nuget\NuGet.targets
	EndProjectSection
EndProject
Project("{FAE04EC0-301F-11D3-BF4B-00C04F79EFBC}") = "WebAPI2AuthenticationExample.Web", "WebAPI2AuthenticationExample.Web\WebAPI2AuthenticationExample.Web.csproj", "{8C2C969E-7C2E-4851-B31E-550FB92F8B08}"
EndProject
Project("{2150E333-8FDC-42A3-9474-1A3956D46DE8}") = "Packaging", "Packaging", "{6D32155C-E562-4A47-AA36-0DE1CC6F1C5A}"
	ProjectSection(SolutionItems) = preProject
		AccidentalFish.AspNet.Identity.Azure\nuget\AccidentalFish.AspNet.Identity.Azure.nuspec = AccidentalFish.AspNet.Identity.Azure\nuget\AccidentalFish.AspNet.Identity.Azure.nuspec
	EndProjectSection
EndProject
Project("{FAE04EC0-301F-11D3-BF4B-00C04F79EFBC}") = "MVC.AuthTestApp", "MVC.AuthTestApp\MVC.AuthTestApp.csproj", "{B25E8F1D-3F81-43FC-8279-180EFFCFECFD}"
EndProject
Project("{FAE04EC0-301F-11D3-BF4B-00C04F79EFBC}") = "AccidentalFish.AspNet.Identity.Azure.Tests", "AccidentalFish.AspNet.Identity.Azure.Tests\AccidentalFish.AspNet.Identity.Azure.Tests.csproj", "{15CBB654-FC2D-4611-832F-95A8F4F45640}"
EndProject
Project("{FAE04EC0-301F-11D3-BF4B-00C04F79EFBC}") = "AccidentalFish.AspNet.Identity.Azure.Contrib", "AccidentalFish.AspNet.Identity.Azure.Contrib\AccidentalFish.AspNet.Identity.Azure.Contrib.csproj", "{7324006B-B286-4068-BCE5-99166372CA80}"
EndProject
Global
	GlobalSection(SolutionConfigurationPlatforms) = preSolution
		Debug|Any CPU = Debug|Any CPU
		Release|Any CPU = Release|Any CPU
	EndGlobalSection
	GlobalSection(ProjectConfigurationPlatforms) = postSolution
		{AD659E28-6C2F-49B6-B00D-A3E2F08ABB0C}.Debug|Any CPU.ActiveCfg = Debug|Any CPU
		{AD659E28-6C2F-49B6-B00D-A3E2F08ABB0C}.Debug|Any CPU.Build.0 = Debug|Any CPU
		{AD659E28-6C2F-49B6-B00D-A3E2F08ABB0C}.Release|Any CPU.ActiveCfg = Release|Any CPU
		{AD659E28-6C2F-49B6-B00D-A3E2F08ABB0C}.Release|Any CPU.Build.0 = Release|Any CPU
		{8C2C969E-7C2E-4851-B31E-550FB92F8B08}.Debug|Any CPU.ActiveCfg = Debug|Any CPU
		{8C2C969E-7C2E-4851-B31E-550FB92F8B08}.Debug|Any CPU.Build.0 = Debug|Any CPU
		{8C2C969E-7C2E-4851-B31E-550FB92F8B08}.Release|Any CPU.ActiveCfg = Release|Any CPU
		{8C2C969E-7C2E-4851-B31E-550FB92F8B08}.Release|Any CPU.Build.0 = Release|Any CPU
		{B25E8F1D-3F81-43FC-8279-180EFFCFECFD}.Debug|Any CPU.ActiveCfg = Debug|Any CPU
		{B25E8F1D-3F81-43FC-8279-180EFFCFECFD}.Debug|Any CPU.Build.0 = Debug|Any CPU
		{B25E8F1D-3F81-43FC-8279-180EFFCFECFD}.Release|Any CPU.ActiveCfg = Release|Any CPU
		{B25E8F1D-3F81-43FC-8279-180EFFCFECFD}.Release|Any CPU.Build.0 = Release|Any CPU
		{15CBB654-FC2D-4611-832F-95A8F4F45640}.Debug|Any CPU.ActiveCfg = Debug|Any CPU
		{15CBB654-FC2D-4611-832F-95A8F4F45640}.Debug|Any CPU.Build.0 = Debug|Any CPU
		{15CBB654-FC2D-4611-832F-95A8F4F45640}.Release|Any CPU.ActiveCfg = Release|Any CPU
		{15CBB654-FC2D-4611-832F-95A8F4F45640}.Release|Any CPU.Build.0 = Release|Any CPU
		{7324006B-B286-4068-BCE5-99166372CA80}.Debug|Any CPU.ActiveCfg = Debug|Any CPU
		{7324006B-B286-4068-BCE5-99166372CA80}.Debug|Any CPU.Build.0 = Debug|Any CPU
		{7324006B-B286-4068-BCE5-99166372CA80}.Release|Any CPU.ActiveCfg = Release|Any CPU
		{7324006B-B286-4068-BCE5-99166372CA80}.Release|Any CPU.Build.0 = Release|Any CPU
	EndGlobalSection
	GlobalSection(SolutionProperties) = preSolution
		HideSolutionNode = FALSE
	EndGlobalSection
EndGlobal
